// !$*UTF8*$!
{
	archiveVersion = 1;
	classes = {
	};
	objectVersion = 77;
	objects = {

/* Begin PBXFileReference section */
		8F553D7A2DCB8C24002E735E /* all_cs.json */ = {isa = PBXFileReference; lastKnownFileType = text.json; path = all_cs.json; sourceTree = "<group>"; };
		8F553D7B2DCB8C24002E735E /* all_en.json */ = {isa = PBXFileReference; lastKnownFileType = text.json; path = all_en.json; sourceTree = "<group>"; };
		8F553D7E2DCB8C24002E735E /* all_cs.json */ = {isa = PBXFileReference; lastKnownFileType = text.json; path = all_cs.json; sourceTree = "<group>"; };
		8F553D7F2DCB8C24002E735E /* all_en.json */ = {isa = PBXFileReference; lastKnownFileType = text.json; path = all_en.json; sourceTree = "<group>"; };
		8F553D812DCB8C24002E735E /* all_cs.json */ = {isa = PBXFileReference; lastKnownFileType = text.json; path = all_cs.json; sourceTree = "<group>"; };
		8F553D822DCB8C24002E735E /* all_en.json */ = {isa = PBXFileReference; lastKnownFileType = text.json; path = all_en.json; sourceTree = "<group>"; };
		8F553D842DCB8C24002E735E /* all_cs.json */ = {isa = PBXFileReference; lastKnownFileType = text.json; path = all_cs.json; sourceTree = "<group>"; };
		8F553D852DCB8C24002E735E /* all_en.json */ = {isa = PBXFileReference; lastKnownFileType = text.json; path = all_en.json; sourceTree = "<group>"; };
		8F553D872DCB8C24002E735E /* all_cs.json */ = {isa = PBXFileReference; lastKnownFileType = text.json; path = all_cs.json; sourceTree = "<group>"; };
		8F553D882DCB8C24002E735E /* all_en.json */ = {isa = PBXFileReference; lastKnownFileType = text.json; path = all_en.json; sourceTree = "<group>"; };
		8F553D8A2DCB8C24002E735E /* all_cs.json */ = {isa = PBXFileReference; lastKnownFileType = text.json; path = all_cs.json; sourceTree = "<group>"; };
		8F553D8B2DCB8C24002E735E /* all_en.json */ = {isa = PBXFileReference; lastKnownFileType = text.json; path = all_en.json; sourceTree = "<group>"; };
		8F553D8D2DCB8C24002E735E /* all_cs.json */ = {isa = PBXFileReference; lastKnownFileType = text.json; path = all_cs.json; sourceTree = "<group>"; };
		8F553D8E2DCB8C24002E735E /* all_en.json */ = {isa = PBXFileReference; lastKnownFileType = text.json; path = all_en.json; sourceTree = "<group>"; };
		8F553D902DCB8C24002E735E /* all_cs.json */ = {isa = PBXFileReference; lastKnownFileType = text.json; path = all_cs.json; sourceTree = "<group>"; };
		8F553D912DCB8C24002E735E /* all_en.json */ = {isa = PBXFileReference; lastKnownFileType = text.json; path = all_en.json; sourceTree = "<group>"; };
		8F553D932DCB8C24002E735E /* all_cs.json */ = {isa = PBXFileReference; lastKnownFileType = text.json; path = all_cs.json; sourceTree = "<group>"; };
		8F553D942DCB8C24002E735E /* all_en.json */ = {isa = PBXFileReference; lastKnownFileType = text.json; path = all_en.json; sourceTree = "<group>"; };
		8F553D962DCB8C24002E735E /* all_cs.json */ = {isa = PBXFileReference; lastKnownFileType = text.json; path = all_cs.json; sourceTree = "<group>"; };
		8F553D972DCB8C24002E735E /* all_en.json */ = {isa = PBXFileReference; lastKnownFileType = text.json; path = all_en.json; sourceTree = "<group>"; };
		8F553D992DCB8C24002E735E /* all_cs.json */ = {isa = PBXFileReference; lastKnownFileType = text.json; path = all_cs.json; sourceTree = "<group>"; };
		8F553D9A2DCB8C24002E735E /* all_en.json */ = {isa = PBXFileReference; lastKnownFileType = text.json; path = all_en.json; sourceTree = "<group>"; };
		8F553D9C2DCB8C24002E735E /* all_cs.json */ = {isa = PBXFileReference; lastKnownFileType = text.json; path = all_cs.json; sourceTree = "<group>"; };
		8F553D9E2DCB8C24002E735E /* all_cs.json */ = {isa = PBXFileReference; lastKnownFileType = text.json; path = all_cs.json; sourceTree = "<group>"; };
		8F553DA02DCB8C24002E735E /* all_cs.json */ = {isa = PBXFileReference; lastKnownFileType = text.json; path = all_cs.json; sourceTree = "<group>"; };
		8F553DA32DCB8C24002E735E /* all_cs.json */ = {isa = PBXFileReference; lastKnownFileType = text.json; path = all_cs.json; sourceTree = "<group>"; };
		8F553DA52DCB8C24002E735E /* all_cs.json */ = {isa = PBXFileReference; lastKnownFileType = text.json; path = all_cs.json; sourceTree = "<group>"; };
		8F553DA62DCB8C24002E735E /* all_en.json */ = {isa = PBXFileReference; lastKnownFileType = text.json; path = all_en.json; sourceTree = "<group>"; };
		8F553DA82DCB8C24002E735E /* all_cs.json */ = {isa = PBXFileReference; lastKnownFileType = text.json; path = all_cs.json; sourceTree = "<group>"; };
		8F553DA92DCB8C24002E735E /* all_en.json */ = {isa = PBXFileReference; lastKnownFileType = text.json; path = all_en.json; sourceTree = "<group>"; };
		8F553DAB2DCB8C24002E735E /* all_cs.json */ = {isa = PBXFileReference; lastKnownFileType = text.json; path = all_cs.json; sourceTree = "<group>"; };
		8F553DAC2DCB8C24002E735E /* all_en.json */ = {isa = PBXFileReference; lastKnownFileType = text.json; path = all_en.json; sourceTree = "<group>"; };
		8F553DAE2DCB8C24002E735E /* all_cs.json */ = {isa = PBXFileReference; lastKnownFileType = text.json; path = all_cs.json; sourceTree = "<group>"; };
		8F553DAF2DCB8C24002E735E /* all_en.json */ = {isa = PBXFileReference; lastKnownFileType = text.json; path = all_en.json; sourceTree = "<group>"; };
		8F553DB12DCB8C24002E735E /* all_cs.json */ = {isa = PBXFileReference; lastKnownFileType = text.json; path = all_cs.json; sourceTree = "<group>"; };
		8F553DB22DCB8C24002E735E /* all_en.json */ = {isa = PBXFileReference; lastKnownFileType = text.json; path = all_en.json; sourceTree = "<group>"; };
		8F553DB42DCB8C24002E735E /* all_cs.json */ = {isa = PBXFileReference; lastKnownFileType = text.json; path = all_cs.json; sourceTree = "<group>"; };
		8F553DB52DCB8C24002E735E /* all_en.json */ = {isa = PBXFileReference; lastKnownFileType = text.json; path = all_en.json; sourceTree = "<group>"; };
		8F553DB72DCB8C24002E735E /* all_cs.json */ = {isa = PBXFileReference; lastKnownFileType = text.json; path = all_cs.json; sourceTree = "<group>"; };
		8F553DB82DCB8C24002E735E /* all_en.json */ = {isa = PBXFileReference; lastKnownFileType = text.json; path = all_en.json; sourceTree = "<group>"; };
		8F553DBA2DCB8C24002E735E /* all_cs.json */ = {isa = PBXFileReference; lastKnownFileType = text.json; path = all_cs.json; sourceTree = "<group>"; };
		8F553DBB2DCB8C24002E735E /* all_en.json */ = {isa = PBXFileReference; lastKnownFileType = text.json; path = all_en.json; sourceTree = "<group>"; };
		8F553DBD2DCB8C24002E735E /* all_cs.json */ = {isa = PBXFileReference; lastKnownFileType = text.json; path = all_cs.json; sourceTree = "<group>"; };
		8F553DBE2DCB8C24002E735E /* all_en.json */ = {isa = PBXFileReference; lastKnownFileType = text.json; path = all_en.json; sourceTree = "<group>"; };
		8F553DC02DCB8C24002E735E /* all_cs.json */ = {isa = PBXFileReference; lastKnownFileType = text.json; path = all_cs.json; sourceTree = "<group>"; };
		8F553DC12DCB8C24002E735E /* all_en.json */ = {isa = PBXFileReference; lastKnownFileType = text.json; path = all_en.json; sourceTree = "<group>"; };
		8F553DC32DCB8C24002E735E /* all_cs.json */ = {isa = PBXFileReference; lastKnownFileType = text.json; path = all_cs.json; sourceTree = "<group>"; };
		8F553DC42DCB8C24002E735E /* all_en.json */ = {isa = PBXFileReference; lastKnownFileType = text.json; path = all_en.json; sourceTree = "<group>"; };
		8F553DC62DCB8C24002E735E /* all_cs.json */ = {isa = PBXFileReference; lastKnownFileType = text.json; path = all_cs.json; sourceTree = "<group>"; };
		8F553DC72DCB8C24002E735E /* all_en.json */ = {isa = PBXFileReference; lastKnownFileType = text.json; path = all_en.json; sourceTree = "<group>"; };
		8F553DC92DCB8C24002E735E /* all_cs.json */ = {isa = PBXFileReference; lastKnownFileType = text.json; path = all_cs.json; sourceTree = "<group>"; };
		8F553DCA2DCB8C24002E735E /* all_en.json */ = {isa = PBXFileReference; lastKnownFileType = text.json; path = all_en.json; sourceTree = "<group>"; };
		8F553DCC2DCB8C24002E735E /* all_cs.json */ = {isa = PBXFileReference; lastKnownFileType = text.json; path = all_cs.json; sourceTree = "<group>"; };
		8F553DCD2DCB8C24002E735E /* all_en.json */ = {isa = PBXFileReference; lastKnownFileType = text.json; path = all_en.json; sourceTree = "<group>"; };
		8F553DCF2DCB8C24002E735E /* all_cs.json */ = {isa = PBXFileReference; lastKnownFileType = text.json; path = all_cs.json; sourceTree = "<group>"; };
		8F553DD02DCB8C24002E735E /* all_en.json */ = {isa = PBXFileReference; lastKnownFileType = text.json; path = all_en.json; sourceTree = "<group>"; };
		8F553DD22DCB8C24002E735E /* all_cs.json */ = {isa = PBXFileReference; lastKnownFileType = text.json; path = all_cs.json; sourceTree = "<group>"; };
		8F553DD32DCB8C24002E735E /* all_en.json */ = {isa = PBXFileReference; lastKnownFileType = text.json; path = all_en.json; sourceTree = "<group>"; };
		8F553DD52DCB8C24002E735E /* all_cs.json */ = {isa = PBXFileReference; lastKnownFileType = text.json; path = all_cs.json; sourceTree = "<group>"; };
		8F553DD62DCB8C24002E735E /* all_en.json */ = {isa = PBXFileReference; lastKnownFileType = text.json; path = all_en.json; sourceTree = "<group>"; };
		8F553DD82DCB8C24002E735E /* all_cs.json */ = {isa = PBXFileReference; lastKnownFileType = text.json; path = all_cs.json; sourceTree = "<group>"; };
		8F553DD92DCB8C24002E735E /* all_en.json */ = {isa = PBXFileReference; lastKnownFileType = text.json; path = all_en.json; sourceTree = "<group>"; };
		8F553DDB2DCB8C24002E735E /* all_cs.json */ = {isa = PBXFileReference; lastKnownFileType = text.json; path = all_cs.json; sourceTree = "<group>"; };
		8F553DDC2DCB8C24002E735E /* all_en.json */ = {isa = PBXFileReference; lastKnownFileType = text.json; path = all_en.json; sourceTree = "<group>"; };
		8F553DDE2DCB8C24002E735E /* all_cs.json */ = {isa = PBXFileReference; lastKnownFileType = text.json; path = all_cs.json; sourceTree = "<group>"; };
		8F553DDF2DCB8C24002E735E /* all_en.json */ = {isa = PBXFileReference; lastKnownFileType = text.json; path = all_en.json; sourceTree = "<group>"; };
		8F553DE12DCB8C24002E735E /* all_cs.json */ = {isa = PBXFileReference; lastKnownFileType = text.json; path = all_cs.json; sourceTree = "<group>"; };
		8F553DE22DCB8C24002E735E /* all_en.json */ = {isa = PBXFileReference; lastKnownFileType = text.json; path = all_en.json; sourceTree = "<group>"; };
		8F553DE42DCB8C24002E735E /* all_cs.json */ = {isa = PBXFileReference; lastKnownFileType = text.json; path = all_cs.json; sourceTree = "<group>"; };
		8F553DE52DCB8C24002E735E /* all_en.json */ = {isa = PBXFileReference; lastKnownFileType = text.json; path = all_en.json; sourceTree = "<group>"; };
		8F553DE72DCB8C24002E735E /* all_cs.json */ = {isa = PBXFileReference; lastKnownFileType = text.json; path = all_cs.json; sourceTree = "<group>"; };
		8F553DE82DCB8C24002E735E /* all_en.json */ = {isa = PBXFileReference; lastKnownFileType = text.json; path = all_en.json; sourceTree = "<group>"; };
		8F553DEA2DCB8C24002E735E /* all_cs.json */ = {isa = PBXFileReference; lastKnownFileType = text.json; path = all_cs.json; sourceTree = "<group>"; };
		8F553DEB2DCB8C24002E735E /* all_en.json */ = {isa = PBXFileReference; lastKnownFileType = text.json; path = all_en.json; sourceTree = "<group>"; };
		8F553DED2DCB8C24002E735E /* all_cs.json */ = {isa = PBXFileReference; lastKnownFileType = text.json; path = all_cs.json; sourceTree = "<group>"; };
		8F553DEE2DCB8C24002E735E /* all_en.json */ = {isa = PBXFileReference; lastKnownFileType = text.json; path = all_en.json; sourceTree = "<group>"; };
		8F553DF02DCB8C24002E735E /* all_cs.json */ = {isa = PBXFileReference; lastKnownFileType = text.json; path = all_cs.json; sourceTree = "<group>"; };
		8F553DF12DCB8C24002E735E /* all_en.json */ = {isa = PBXFileReference; lastKnownFileType = text.json; path = all_en.json; sourceTree = "<group>"; };
		8F553DF32DCB8C24002E735E /* all_cs.json */ = {isa = PBXFileReference; lastKnownFileType = text.json; path = all_cs.json; sourceTree = "<group>"; };
		8F553DF42DCB8C24002E735E /* all_en.json */ = {isa = PBXFileReference; lastKnownFileType = text.json; path = all_en.json; sourceTree = "<group>"; };
		8F553DF62DCB8C24002E735E /* all_cs.json */ = {isa = PBXFileReference; lastKnownFileType = text.json; path = all_cs.json; sourceTree = "<group>"; };
		8F553DF72DCB8C24002E735E /* all_en.json */ = {isa = PBXFileReference; lastKnownFileType = text.json; path = all_en.json; sourceTree = "<group>"; };
		8F553DF92DCB8C24002E735E /* all_cs.json */ = {isa = PBXFileReference; lastKnownFileType = text.json; path = all_cs.json; sourceTree = "<group>"; };
		8F553DFA2DCB8C24002E735E /* all_en.json */ = {isa = PBXFileReference; lastKnownFileType = text.json; path = all_en.json; sourceTree = "<group>"; };
		8F553DFC2DCB8C24002E735E /* all_cs.json */ = {isa = PBXFileReference; lastKnownFileType = text.json; path = all_cs.json; sourceTree = "<group>"; };
		8F553DFD2DCB8C24002E735E /* all_en.json */ = {isa = PBXFileReference; lastKnownFileType = text.json; path = all_en.json; sourceTree = "<group>"; };
		8F553DFF2DCB8C24002E735E /* all_cs.json */ = {isa = PBXFileReference; lastKnownFileType = text.json; path = all_cs.json; sourceTree = "<group>"; };
		8F553E002DCB8C24002E735E /* all_en.json */ = {isa = PBXFileReference; lastKnownFileType = text.json; path = all_en.json; sourceTree = "<group>"; };
		8F553E022DCB8C24002E735E /* all_cs.json */ = {isa = PBXFileReference; lastKnownFileType = text.json; path = all_cs.json; sourceTree = "<group>"; };
		8F553E032DCB8C24002E735E /* all_en.json */ = {isa = PBXFileReference; lastKnownFileType = text.json; path = all_en.json; sourceTree = "<group>"; };
		8F553E052DCB8C24002E735E /* all_cs.json */ = {isa = PBXFileReference; lastKnownFileType = text.json; path = all_cs.json; sourceTree = "<group>"; };
		8F553E062DCB8C24002E735E /* all_en.json */ = {isa = PBXFileReference; lastKnownFileType = text.json; path = all_en.json; sourceTree = "<group>"; };
		8F553E092DCB8C24002E735E /* all_cs.json */ = {isa = PBXFileReference; lastKnownFileType = text.json; path = all_cs.json; sourceTree = "<group>"; };
		8F553E0A2DCB8C24002E735E /* all_en.json */ = {isa = PBXFileReference; lastKnownFileType = text.json; path = all_en.json; sourceTree = "<group>"; };
		8F553E0C2DCB8C24002E735E /* all_cs.json */ = {isa = PBXFileReference; lastKnownFileType = text.json; path = all_cs.json; sourceTree = "<group>"; };
		8F553E0D2DCB8C24002E735E /* all_en.json */ = {isa = PBXFileReference; lastKnownFileType = text.json; path = all_en.json; sourceTree = "<group>"; };
		8F553E0F2DCB8C24002E735E /* all_cs.json */ = {isa = PBXFileReference; lastKnownFileType = text.json; path = all_cs.json; sourceTree = "<group>"; };
		8F553E102DCB8C24002E735E /* all_en.json */ = {isa = PBXFileReference; lastKnownFileType = text.json; path = all_en.json; sourceTree = "<group>"; };
		8F553E122DCB8C24002E735E /* all_cs.json */ = {isa = PBXFileReference; lastKnownFileType = text.json; path = all_cs.json; sourceTree = "<group>"; };
		8F553E142DCB8C24002E735E /* all_cs.json */ = {isa = PBXFileReference; lastKnownFileType = text.json; path = all_cs.json; sourceTree = "<group>"; };
		8F553E162DCB8C24002E735E /* all_cs.json */ = {isa = PBXFileReference; lastKnownFileType = text.json; path = all_cs.json; sourceTree = "<group>"; };
		8F553E172DCB8C24002E735E /* all_en.json */ = {isa = PBXFileReference; lastKnownFileType = text.json; path = all_en.json; sourceTree = "<group>"; };
		8F553E192DCB8C24002E735E /* all_cs.json */ = {isa = PBXFileReference; lastKnownFileType = text.json; path = all_cs.json; sourceTree = "<group>"; };
		8F553E1A2DCB8C24002E735E /* all_en.json */ = {isa = PBXFileReference; lastKnownFileType = text.json; path = all_en.json; sourceTree = "<group>"; };
		8F553E1C2DCB8C24002E735E /* all_cs.json */ = {isa = PBXFileReference; lastKnownFileType = text.json; path = all_cs.json; sourceTree = "<group>"; };
		8F553E1D2DCB8C24002E735E /* all_en.json */ = {isa = PBXFileReference; lastKnownFileType = text.json; path = all_en.json; sourceTree = "<group>"; };
		8F553E1F2DCB8C24002E735E /* all_cs.json */ = {isa = PBXFileReference; lastKnownFileType = text.json; path = all_cs.json; sourceTree = "<group>"; };
		8F553E202DCB8C24002E735E /* all_en.json */ = {isa = PBXFileReference; lastKnownFileType = text.json; path = all_en.json; sourceTree = "<group>"; };
		8F553E222DCB8C24002E735E /* all_cs.json */ = {isa = PBXFileReference; lastKnownFileType = text.json; path = all_cs.json; sourceTree = "<group>"; };
		8F553E232DCB8C24002E735E /* all_en.json */ = {isa = PBXFileReference; lastKnownFileType = text.json; path = all_en.json; sourceTree = "<group>"; };
		8F553E252DCB8C24002E735E /* all_cs.json */ = {isa = PBXFileReference; lastKnownFileType = text.json; path = all_cs.json; sourceTree = "<group>"; };
		8F553E262DCB8C24002E735E /* all_en.json */ = {isa = PBXFileReference; lastKnownFileType = text.json; path = all_en.json; sourceTree = "<group>"; };
		8F553E282DCB8C24002E735E /* all_cs.json */ = {isa = PBXFileReference; lastKnownFileType = text.json; path = all_cs.json; sourceTree = "<group>"; };
		8F553E292DCB8C24002E735E /* all_en.json */ = {isa = PBXFileReference; lastKnownFileType = text.json; path = all_en.json; sourceTree = "<group>"; };
		8F553E2B2DCB8C24002E735E /* all_cs.json */ = {isa = PBXFileReference; lastKnownFileType = text.json; path = all_cs.json; sourceTree = "<group>"; };
		8F553E2C2DCB8C24002E735E /* all_en.json */ = {isa = PBXFileReference; lastKnownFileType = text.json; path = all_en.json; sourceTree = "<group>"; };
		8F553E2E2DCB8C24002E735E /* all_cs.json */ = {isa = PBXFileReference; lastKnownFileType = text.json; path = all_cs.json; sourceTree = "<group>"; };
		8F553E2F2DCB8C24002E735E /* all_en.json */ = {isa = PBXFileReference; lastKnownFileType = text.json; path = all_en.json; sourceTree = "<group>"; };
		8F553E312DCB8C24002E735E /* all_cs.json */ = {isa = PBXFileReference; lastKnownFileType = text.json; path = all_cs.json; sourceTree = "<group>"; };
		8F553E322DCB8C24002E735E /* all_en.json */ = {isa = PBXFileReference; lastKnownFileType = text.json; path = all_en.json; sourceTree = "<group>"; };
		8F553E342DCB8C24002E735E /* all_cs.json */ = {isa = PBXFileReference; lastKnownFileType = text.json; path = all_cs.json; sourceTree = "<group>"; };
		8F553E352DCB8C24002E735E /* all_en.json */ = {isa = PBXFileReference; lastKnownFileType = text.json; path = all_en.json; sourceTree = "<group>"; };
		8F553E372DCB8C24002E735E /* all_cs.json */ = {isa = PBXFileReference; lastKnownFileType = text.json; path = all_cs.json; sourceTree = "<group>"; };
		8F553E382DCB8C24002E735E /* all_en.json */ = {isa = PBXFileReference; lastKnownFileType = text.json; path = all_en.json; sourceTree = "<group>"; };
		8F553E3B2DCB8C24002E735E /* all_cs.json */ = {isa = PBXFileReference; lastKnownFileType = text.json; path = all_cs.json; sourceTree = "<group>"; };
		8F553E3C2DCB8C24002E735E /* all_en.json */ = {isa = PBXFileReference; lastKnownFileType = text.json; path = all_en.json; sourceTree = "<group>"; };
		8F553E3F2DCB8C24002E735E /* all_cs.json */ = {isa = PBXFileReference; lastKnownFileType = text.json; path = all_cs.json; sourceTree = "<group>"; };
		8F553E402DCB8C24002E735E /* all_en.json */ = {isa = PBXFileReference; lastKnownFileType = text.json; path = all_en.json; sourceTree = "<group>"; };
		8F553E432DCB8C24002E735E /* all_cs.json */ = {isa = PBXFileReference; lastKnownFileType = text.json; path = all_cs.json; sourceTree = "<group>"; };
		8F553E442DCB8C24002E735E /* all_en.json */ = {isa = PBXFileReference; lastKnownFileType = text.json; path = all_en.json; sourceTree = "<group>"; };
		8F553E472DCB8C24002E735E /* all_cs.json */ = {isa = PBXFileReference; lastKnownFileType = text.json; path = all_cs.json; sourceTree = "<group>"; };
		8F553E482DCB8C24002E735E /* all_en.json */ = {isa = PBXFileReference; lastKnownFileType = text.json; path = all_en.json; sourceTree = "<group>"; };
		8F553E4A2DCB8C24002E735E /* all_cs.json */ = {isa = PBXFileReference; lastKnownFileType = text.json; path = all_cs.json; sourceTree = "<group>"; };
		8F553E4B2DCB8C24002E735E /* all_en.json */ = {isa = PBXFileReference; lastKnownFileType = text.json; path = all_en.json; sourceTree = "<group>"; };
		8F553E4D2DCB8C24002E735E /* all_cs.json */ = {isa = PBXFileReference; lastKnownFileType = text.json; path = all_cs.json; sourceTree = "<group>"; };
		8F553E4E2DCB8C24002E735E /* all_en.json */ = {isa = PBXFileReference; lastKnownFileType = text.json; path = all_en.json; sourceTree = "<group>"; };
		8F553E502DCB8C24002E735E /* all_cs.json */ = {isa = PBXFileReference; lastKnownFileType = text.json; path = all_cs.json; sourceTree = "<group>"; };
		8F553E512DCB8C24002E735E /* all_en.json */ = {isa = PBXFileReference; lastKnownFileType = text.json; path = all_en.json; sourceTree = "<group>"; };
		8F553E532DCB8C24002E735E /* all_cs.json */ = {isa = PBXFileReference; lastKnownFileType = text.json; path = all_cs.json; sourceTree = "<group>"; };
		8F553E542DCB8C24002E735E /* all_en.json */ = {isa = PBXFileReference; lastKnownFileType = text.json; path = all_en.json; sourceTree = "<group>"; };
		8F553E562DCB8C24002E735E /* all_cs.json */ = {isa = PBXFileReference; lastKnownFileType = text.json; path = all_cs.json; sourceTree = "<group>"; };
		8F553E572DCB8C24002E735E /* all_en.json */ = {isa = PBXFileReference; lastKnownFileType = text.json; path = all_en.json; sourceTree = "<group>"; };
		8F553E592DCB8C24002E735E /* all_cs.json */ = {isa = PBXFileReference; lastKnownFileType = text.json; path = all_cs.json; sourceTree = "<group>"; };
		8F553E5A2DCB8C24002E735E /* all_en.json */ = {isa = PBXFileReference; lastKnownFileType = text.json; path = all_en.json; sourceTree = "<group>"; };
		8F553E5C2DCB8C24002E735E /* all_cs.json */ = {isa = PBXFileReference; lastKnownFileType = text.json; path = all_cs.json; sourceTree = "<group>"; };
		8F553E5D2DCB8C24002E735E /* all_en.json */ = {isa = PBXFileReference; lastKnownFileType = text.json; path = all_en.json; sourceTree = "<group>"; };
		8F553E5F2DCB8C24002E735E /* all_cs.json */ = {isa = PBXFileReference; lastKnownFileType = text.json; path = all_cs.json; sourceTree = "<group>"; };
		8F553E602DCB8C24002E735E /* all_en.json */ = {isa = PBXFileReference; lastKnownFileType = text.json; path = all_en.json; sourceTree = "<group>"; };
		8F553E622DCB8C24002E735E /* all_cs.json */ = {isa = PBXFileReference; lastKnownFileType = text.json; path = all_cs.json; sourceTree = "<group>"; };
		8F553E632DCB8C24002E735E /* all_en.json */ = {isa = PBXFileReference; lastKnownFileType = text.json; path = all_en.json; sourceTree = "<group>"; };
		8F553E652DCB8C24002E735E /* all_cs.json */ = {isa = PBXFileReference; lastKnownFileType = text.json; path = all_cs.json; sourceTree = "<group>"; };
		8F553E662DCB8C24002E735E /* all_en.json */ = {isa = PBXFileReference; lastKnownFileType = text.json; path = all_en.json; sourceTree = "<group>"; };
		8F553E682DCB8C24002E735E /* all_cs.json */ = {isa = PBXFileReference; lastKnownFileType = text.json; path = all_cs.json; sourceTree = "<group>"; };
		8F553E692DCB8C24002E735E /* all_en.json */ = {isa = PBXFileReference; lastKnownFileType = text.json; path = all_en.json; sourceTree = "<group>"; };
		8F553E6B2DCB8C24002E735E /* all_cs.json */ = {isa = PBXFileReference; lastKnownFileType = text.json; path = all_cs.json; sourceTree = "<group>"; };
		8F553E6D2DCB8C24002E735E /* all_cs.json */ = {isa = PBXFileReference; lastKnownFileType = text.json; path = all_cs.json; sourceTree = "<group>"; };
		8F553E6E2DCB8C24002E735E /* all_en.json */ = {isa = PBXFileReference; lastKnownFileType = text.json; path = all_en.json; sourceTree = "<group>"; };
		8F553E702DCB8C24002E735E /* all_cs.json */ = {isa = PBXFileReference; lastKnownFileType = text.json; path = all_cs.json; sourceTree = "<group>"; };
		8F553E712DCB8C24002E735E /* all_en.json */ = {isa = PBXFileReference; lastKnownFileType = text.json; path = all_en.json; sourceTree = "<group>"; };
		8F553E732DCB8C24002E735E /* all_cs.json */ = {isa = PBXFileReference; lastKnownFileType = text.json; path = all_cs.json; sourceTree = "<group>"; };
		8F553E742DCB8C24002E735E /* all_en.json */ = {isa = PBXFileReference; lastKnownFileType = text.json; path = all_en.json; sourceTree = "<group>"; };
		8F553E772DCB8C24002E735E /* all_cs.json */ = {isa = PBXFileReference; lastKnownFileType = text.json; path = all_cs.json; sourceTree = "<group>"; };
		8F553E782DCB8C24002E735E /* all_en.json */ = {isa = PBXFileReference; lastKnownFileType = text.json; path = all_en.json; sourceTree = "<group>"; };
		8F553E792DCB8C24002E735E /* readme.txt */ = {isa = PBXFileReference; lastKnownFileType = text; path = readme.txt; sourceTree = "<group>"; };
		8F553E7B2DCB8C24002E735E /* all_cs.json */ = {isa = PBXFileReference; lastKnownFileType = text.json; path = all_cs.json; sourceTree = "<group>"; };
		8F553E7C2DCB8C24002E735E /* all_en.json */ = {isa = PBXFileReference; lastKnownFileType = text.json; path = all_en.json; sourceTree = "<group>"; };
		8F553E7E2DCB8C24002E735E /* all_cs.json */ = {isa = PBXFileReference; lastKnownFileType = text.json; path = all_cs.json; sourceTree = "<group>"; };
		8F553E7F2DCB8C24002E735E /* all_en.json */ = {isa = PBXFileReference; lastKnownFileType = text.json; path = all_en.json; sourceTree = "<group>"; };
		8F553E812DCB8C24002E735E /* all_cs.json */ = {isa = PBXFileReference; lastKnownFileType = text.json; path = all_cs.json; sourceTree = "<group>"; };
		8F553E822DCB8C24002E735E /* all_en.json */ = {isa = PBXFileReference; lastKnownFileType = text.json; path = all_en.json; sourceTree = "<group>"; };
		8F553E842DCB8C24002E735E /* all_cs.json */ = {isa = PBXFileReference; lastKnownFileType = text.json; path = all_cs.json; sourceTree = "<group>"; };
		8F553E852DCB8C24002E735E /* all_en.json */ = {isa = PBXFileReference; lastKnownFileType = text.json; path = all_en.json; sourceTree = "<group>"; };
		8FC4965F2E05774900A517C9 /* all_cs.json */ = {isa = PBXFileReference; lastKnownFileType = text.json; path = all_cs.json; sourceTree = "<group>"; };
/* End PBXFileReference section */

/* Begin PBXGroup section */
		8F553C652DCB8BF8002E735E = {
			isa = PBXGroup;
			children = (
				8F553E872DCB8C24002E735E /* json */,
			);
			sourceTree = "<group>";
		};
		8F553D7C2DCB8C24002E735E /* ios */ = {
			isa = PBXGroup;
			children = (
				8F553D7A2DCB8C24002E735E /* all_cs.json */,
				8F553D7B2DCB8C24002E735E /* all_en.json */,
			);
			path = ios;
			sourceTree = "<group>";
		};
		8F553D7D2DCB8C24002E735E /* abilities */ = {
			isa = PBXGroup;
			children = (
				8F553D7C2DCB8C24002E735E /* ios */,
			);
			path = abilities;
			sourceTree = "<group>";
		};
		8F553D802DCB8C24002E735E /* v2 */ = {
			isa = PBXGroup;
			children = (
				8F553D7E2DCB8C24002E735E /* all_cs.json */,
				8F553D7F2DCB8C24002E735E /* all_en.json */,
			);
			path = v2;
			sourceTree = "<group>";
		};
		8F553D832DCB8C24002E735E /* accident-insurance */ = {
			isa = PBXGroup;
			children = (
				8F553D802DCB8C24002E735E /* v2 */,
				8F553D812DCB8C24002E735E /* all_cs.json */,
				8F553D822DCB8C24002E735E /* all_en.json */,
			);
			path = "accident-insurance";
			sourceTree = "<group>";
		};
		8F553D862DCB8C24002E735E /* account-close */ = {
			isa = PBXGroup;
			children = (
				8F553D842DCB8C24002E735E /* all_cs.json */,
				8F553D852DCB8C24002E735E /* all_en.json */,
			);
			path = "account-close";
			sourceTree = "<group>";
		};
		8F553D892DCB8C24002E735E /* account-switch */ = {
			isa = PBXGroup;
			children = (
				8F553D872DCB8C24002E735E /* all_cs.json */,
				8F553D882DCB8C24002E735E /* all_en.json */,
			);
			path = "account-switch";
			sourceTree = "<group>";
		};
		8F553D8C2DCB8C24002E735E /* acquisition */ = {
			isa = PBXGroup;
			children = (
				8F553D8A2DCB8C24002E735E /* all_cs.json */,
				8F553D8B2DCB8C24002E735E /* all_en.json */,
			);
			path = acquisition;
			sourceTree = "<group>";
		};
		8F553D8F2DCB8C24002E735E /* alacart */ = {
			isa = PBXGroup;
			children = (
				8F553D8D2DCB8C24002E735E /* all_cs.json */,
				8F553D8E2DCB8C24002E735E /* all_en.json */,
			);
			path = alacart;
			sourceTree = "<group>";
		};
		8F553D922DCB8C24002E735E /* aml-questionnaire */ = {
			isa = PBXGroup;
			children = (
				8F553D902DCB8C24002E735E /* all_cs.json */,
				8F553D912DCB8C24002E735E /* all_en.json */,
			);
			path = "aml-questionnaire";
			sourceTree = "<group>";
		};
		8F553D952DCB8C24002E735E /* api-token */ = {
			isa = PBXGroup;
			children = (
				8F553D932DCB8C24002E735E /* all_cs.json */,
				8F553D942DCB8C24002E735E /* all_en.json */,
			);
			path = "api-token";
			sourceTree = "<group>";
		};
		8F553D982DCB8C24002E735E /* approval-center */ = {
			isa = PBXGroup;
			children = (
				8F553D962DCB8C24002E735E /* all_cs.json */,
				8F553D972DCB8C24002E735E /* all_en.json */,
			);
			path = "approval-center";
			sourceTree = "<group>";
		};
		8F553D9B2DCB8C24002E735E /* b-savings */ = {
			isa = PBXGroup;
			children = (
				8FC4965E2E05773A00A517C9 /* redesigned */,
				8F553D992DCB8C24002E735E /* all_cs.json */,
				8F553D9A2DCB8C24002E735E /* all_en.json */,
			);
			path = "b-savings";
			sourceTree = "<group>";
		};
		8F553D9D2DCB8C24002E735E /* ca-bro-branch */ = {
			isa = PBXGroup;
			children = (
				8F553D9C2DCB8C24002E735E /* all_cs.json */,
			);
			path = "ca-bro-branch";
			sourceTree = "<group>";
		};
		8F553D9F2DCB8C24002E735E /* ca-onboarding */ = {
			isa = PBXGroup;
			children = (
				8F553D9E2DCB8C24002E735E /* all_cs.json */,
			);
			path = "ca-onboarding";
			sourceTree = "<group>";
		};
		8F553DA12DCB8C24002E735E /* 1_20 */ = {
			isa = PBXGroup;
			children = (
				8F553DA02DCB8C24002E735E /* all_cs.json */,
			);
			path = 1_20;
			sourceTree = "<group>";
		};
		8F553DA22DCB8C24002E735E /* ca-sb-onboarding */ = {
			isa = PBXGroup;
			children = (
				8F553DA12DCB8C24002E735E /* 1_20 */,
			);
			path = "ca-sb-onboarding";
			sourceTree = "<group>";
		};
		8F553DA42DCB8C24002E735E /* ca-web-onboarding */ = {
			isa = PBXGroup;
			children = (
				8F553DA32DCB8C24002E735E /* all_cs.json */,
			);
			path = "ca-web-onboarding";
			sourceTree = "<group>";
		};
		8F553DA72DCB8C24002E735E /* card-block */ = {
			isa = PBXGroup;
			children = (
				8F553DA52DCB8C24002E735E /* all_cs.json */,
				8F553DA62DCB8C24002E735E /* all_en.json */,
			);
			path = "card-block";
			sourceTree = "<group>";
		};
		8F553DAA2DCB8C24002E735E /* card-debit-second */ = {
			isa = PBXGroup;
			children = (
				8F553DA82DCB8C24002E735E /* all_cs.json */,
				8F553DA92DCB8C24002E735E /* all_en.json */,
			);
			path = "card-debit-second";
			sourceTree = "<group>";
		};
		8F553DAD2DCB8C24002E735E /* charity */ = {
			isa = PBXGroup;
			children = (
				8F553DAB2DCB8C24002E735E /* all_cs.json */,
				8F553DAC2DCB8C24002E735E /* all_en.json */,
			);
			path = charity;
			sourceTree = "<group>";
		};
		8F553DB02DCB8C24002E735E /* click2pay */ = {
			isa = PBXGroup;
			children = (
				8F553DAE2DCB8C24002E735E /* all_cs.json */,
				8F553DAF2DCB8C24002E735E /* all_en.json */,
			);
			path = click2pay;
			sourceTree = "<group>";
		};
		8F553DB32DCB8C24002E735E /* complaint */ = {
			isa = PBXGroup;
			children = (
				8F553DB12DCB8C24002E735E /* all_cs.json */,
				8F553DB22DCB8C24002E735E /* all_en.json */,
			);
			path = complaint;
			sourceTree = "<group>";
		};
		8F553DB62DCB8C24002E735E /* v2 */ = {
			isa = PBXGroup;
			children = (
				8F553DB42DCB8C24002E735E /* all_cs.json */,
				8F553DB52DCB8C24002E735E /* all_en.json */,
			);
			path = v2;
			sourceTree = "<group>";
		};
		8F553DB92DCB8C24002E735E /* v3 */ = {
			isa = PBXGroup;
			children = (
				8F553DB72DCB8C24002E735E /* all_cs.json */,
				8F553DB82DCB8C24002E735E /* all_en.json */,
			);
			path = v3;
			sourceTree = "<group>";
		};
		8F553DBC2DCB8C24002E735E /* v4 */ = {
			isa = PBXGroup;
			children = (
				8F553DBA2DCB8C24002E735E /* all_cs.json */,
				8F553DBB2DCB8C24002E735E /* all_en.json */,
			);
			path = v4;
			sourceTree = "<group>";
		};
		8F553DBF2DCB8C24002E735E /* contacts */ = {
			isa = PBXGroup;
			children = (
				8F553DB62DCB8C24002E735E /* v2 */,
				8F553DB92DCB8C24002E735E /* v3 */,
				8F553DBC2DCB8C24002E735E /* v4 */,
				8F553DBD2DCB8C24002E735E /* all_cs.json */,
				8F553DBE2DCB8C24002E735E /* all_en.json */,
			);
			path = contacts;
			sourceTree = "<group>";
		};
		8F553DC22DCB8C24002E735E /* redesigned */ = {
			isa = PBXGroup;
			children = (
				8F553DC02DCB8C24002E735E /* all_cs.json */,
				8F553DC12DCB8C24002E735E /* all_en.json */,
			);
			path = redesigned;
			sourceTree = "<group>";
		};
		8F553DC52DCB8C24002E735E /* repayment-method */ = {
			isa = PBXGroup;
			children = (
				8F553DC32DCB8C24002E735E /* all_cs.json */,
				8F553DC42DCB8C24002E735E /* all_en.json */,
			);
			path = "repayment-method";
			sourceTree = "<group>";
		};
		8F553DC82DCB8C24002E735E /* credit-card */ = {
			isa = PBXGroup;
			children = (
				8F553DC22DCB8C24002E735E /* redesigned */,
				8F553DC52DCB8C24002E735E /* repayment-method */,
				8F553DC62DCB8C24002E735E /* all_cs.json */,
				8F553DC72DCB8C24002E735E /* all_en.json */,
			);
			path = "credit-card";
			sourceTree = "<group>";
		};
		8F553DCB2DCB8C24002E735E /* current-account */ = {
			isa = PBXGroup;
			children = (
				8F553DC92DCB8C24002E735E /* all_cs.json */,
				8F553DCA2DCB8C24002E735E /* all_en.json */,
			);
			path = "current-account";
			sourceTree = "<group>";
		};
		8F553DCE2DCB8C24002E735E /* change */ = {
			isa = PBXGroup;
			children = (
				8F553DCC2DCB8C24002E735E /* all_cs.json */,
				8F553DCD2DCB8C24002E735E /* all_en.json */,
			);
			path = change;
			sourceTree = "<group>";
		};
		8F553DD12DCB8C24002E735E /* dps_nn */ = {
			isa = PBXGroup;
			children = (
				8F553DCE2DCB8C24002E735E /* change */,
				8F553DCF2DCB8C24002E735E /* all_cs.json */,
				8F553DD02DCB8C24002E735E /* all_en.json */,
			);
			path = dps_nn;
			sourceTree = "<group>";
		};
		8F553DD42DCB8C24002E735E /* ebz */ = {
			isa = PBXGroup;
			children = (
				8F553DD22DCB8C24002E735E /* all_cs.json */,
				8F553DD32DCB8C24002E735E /* all_en.json */,
			);
			path = ebz;
			sourceTree = "<group>";
		};
		8F553DD72DCB8C24002E735E /* express */ = {
			isa = PBXGroup;
			children = (
				8F553DD52DCB8C24002E735E /* all_cs.json */,
				8F553DD62DCB8C24002E735E /* all_en.json */,
			);
			path = express;
			sourceTree = "<group>";
		};
		8F553DDA2DCB8C24002E735E /* family-account */ = {
			isa = PBXGroup;
			children = (
				8F553DD82DCB8C24002E735E /* all_cs.json */,
				8F553DD92DCB8C24002E735E /* all_en.json */,
			);
			path = "family-account";
			sourceTree = "<group>";
		};
		8F553DDD2DCB8C24002E735E /* family-tips */ = {
			isa = PBXGroup;
			children = (
				8F553DDB2DCB8C24002E735E /* all_cs.json */,
				8F553DDC2DCB8C24002E735E /* all_en.json */,
			);
			path = "family-tips";
			sourceTree = "<group>";
		};
		8F553DE02DCB8C24002E735E /* fcy-account */ = {
			isa = PBXGroup;
			children = (
				8F553DDE2DCB8C24002E735E /* all_cs.json */,
				8F553DDF2DCB8C24002E735E /* all_en.json */,
			);
			path = "fcy-account";
			sourceTree = "<group>";
		};
		8F553DE32DCB8C24002E735E /* flexikredit */ = {
			isa = PBXGroup;
			children = (
				8F553DE12DCB8C24002E735E /* all_cs.json */,
				8F553DE22DCB8C24002E735E /* all_en.json */,
			);
			path = flexikredit;
			sourceTree = "<group>";
		};
		8F553DE62DCB8C24002E735E /* INSURANCE_ACC_ADULT */ = {
			isa = PBXGroup;
			children = (
				8F553DE42DCB8C24002E735E /* all_cs.json */,
				8F553DE52DCB8C24002E735E /* all_en.json */,
			);
			path = INSURANCE_ACC_ADULT;
			sourceTree = "<group>";
		};
		8F553DE92DCB8C24002E735E /* INSURANCE_ACC_ADULT_CARDIF */ = {
			isa = PBXGroup;
			children = (
				8F553DE72DCB8C24002E735E /* all_cs.json */,
				8F553DE82DCB8C24002E735E /* all_en.json */,
			);
			path = INSURANCE_ACC_ADULT_CARDIF;
			sourceTree = "<group>";
		};
		8F553DEC2DCB8C24002E735E /* INSURANCE_ACC_FAMILY */ = {
			isa = PBXGroup;
			children = (
				8F553DEA2DCB8C24002E735E /* all_cs.json */,
				8F553DEB2DCB8C24002E735E /* all_en.json */,
			);
			path = INSURANCE_ACC_FAMILY;
			sourceTree = "<group>";
		};
		8F553DEF2DCB8C24002E735E /* INSURANCE_ACC_FAMILY_CARDIF */ = {
			isa = PBXGroup;
			children = (
				8F553DED2DCB8C24002E735E /* all_cs.json */,
				8F553DEE2DCB8C24002E735E /* all_en.json */,
			);
			path = INSURANCE_ACC_FAMILY_CARDIF;
			sourceTree = "<group>";
		};
		8F553DF22DCB8C24002E735E /* INSURANCE_ACC_J_PARENT */ = {
			isa = PBXGroup;
			children = (
				8F553DF02DCB8C24002E735E /* all_cs.json */,
				8F553DF12DCB8C24002E735E /* all_en.json */,
			);
			path = INSURANCE_ACC_J_PARENT;
			sourceTree = "<group>";
		};
		8F553DF52DCB8C24002E735E /* INSURANCE_ACC_J_PARENT_CARDIF */ = {
			isa = PBXGroup;
			children = (
				8F553DF32DCB8C24002E735E /* all_cs.json */,
				8F553DF42DCB8C24002E735E /* all_en.json */,
			);
			path = INSURANCE_ACC_J_PARENT_CARDIF;
			sourceTree = "<group>";
		};
		8F553DF82DCB8C24002E735E /* INSURANCE_OF_DIGITAL_PAYMENTS */ = {
			isa = PBXGroup;
			children = (
				8F553DF62DCB8C24002E735E /* all_cs.json */,
				8F553DF72DCB8C24002E735E /* all_en.json */,
			);
			path = INSURANCE_OF_DIGITAL_PAYMENTS;
			sourceTree = "<group>";
		};
		8F553DFB2DCB8C24002E735E /* INSURANCE_OF_PERSONAL_BELONGINGS_AND_PAYMENT_CARDS */ = {
			isa = PBXGroup;
			children = (
				8F553DF92DCB8C24002E735E /* all_cs.json */,
				8F553DFA2DCB8C24002E735E /* all_en.json */,
			);
			path = INSURANCE_OF_PERSONAL_BELONGINGS_AND_PAYMENT_CARDS;
			sourceTree = "<group>";
		};
		8F553DFE2DCB8C24002E735E /* INSURANCE_OF_PERSONAL_BELONGINGS_AND_PAYMENT_CARDS_AND_INTERNET_RISKS */ = {
			isa = PBXGroup;
			children = (
				8F553DFC2DCB8C24002E735E /* all_cs.json */,
				8F553DFD2DCB8C24002E735E /* all_en.json */,
			);
			path = INSURANCE_OF_PERSONAL_BELONGINGS_AND_PAYMENT_CARDS_AND_INTERNET_RISKS;
			sourceTree = "<group>";
		};
		8F553E012DCB8C24002E735E /* INSURANCE_OF_PERSONAL_BELONGINGS_AND_PAYMENT_CARDS_AND_INTERNET_RISKS_V2 */ = {
			isa = PBXGroup;
			children = (
				8F553DFF2DCB8C24002E735E /* all_cs.json */,
				8F553E002DCB8C24002E735E /* all_en.json */,
			);
			path = INSURANCE_OF_PERSONAL_BELONGINGS_AND_PAYMENT_CARDS_AND_INTERNET_RISKS_V2;
			sourceTree = "<group>";
		};
		8F553E042DCB8C24002E735E /* klik */ = {
			isa = PBXGroup;
			children = (
				8F553E022DCB8C24002E735E /* all_cs.json */,
				8F553E032DCB8C24002E735E /* all_en.json */,
			);
			path = klik;
			sourceTree = "<group>";
		};
		8F553E072DCB8C24002E735E /* termination */ = {
			isa = PBXGroup;
			children = (
				8F553E052DCB8C24002E735E /* all_cs.json */,
				8F553E062DCB8C24002E735E /* all_en.json */,
			);
			path = termination;
			sourceTree = "<group>";
		};
		8F553E082DCB8C24002E735E /* insurance */ = {
			isa = PBXGroup;
			children = (
				8F553DE62DCB8C24002E735E /* INSURANCE_ACC_ADULT */,
				8F553DE92DCB8C24002E735E /* INSURANCE_ACC_ADULT_CARDIF */,
				8F553DEC2DCB8C24002E735E /* INSURANCE_ACC_FAMILY */,
				8F553DEF2DCB8C24002E735E /* INSURANCE_ACC_FAMILY_CARDIF */,
				8F553DF22DCB8C24002E735E /* INSURANCE_ACC_J_PARENT */,
				8F553DF52DCB8C24002E735E /* INSURANCE_ACC_J_PARENT_CARDIF */,
				8F553DF82DCB8C24002E735E /* INSURANCE_OF_DIGITAL_PAYMENTS */,
				8F553DFB2DCB8C24002E735E /* INSURANCE_OF_PERSONAL_BELONGINGS_AND_PAYMENT_CARDS */,
				8F553DFE2DCB8C24002E735E /* INSURANCE_OF_PERSONAL_BELONGINGS_AND_PAYMENT_CARDS_AND_INTERNET_RISKS */,
				8F553E012DCB8C24002E735E /* INSURANCE_OF_PERSONAL_BELONGINGS_AND_PAYMENT_CARDS_AND_INTERNET_RISKS_V2 */,
				8F553E042DCB8C24002E735E /* klik */,
				8F553E072DCB8C24002E735E /* termination */,
			);
			path = insurance;
			sourceTree = "<group>";
		};
		8F553E0B2DCB8C24002E735E /* insurance-claim */ = {
			isa = PBXGroup;
			children = (
				8F553E092DCB8C24002E735E /* all_cs.json */,
				8F553E0A2DCB8C24002E735E /* all_en.json */,
			);
			path = "insurance-claim";
			sourceTree = "<group>";
		};
		8F553E0E2DCB8C24002E735E /* investments */ = {
			isa = PBXGroup;
			children = (
				8F553E0C2DCB8C24002E735E /* all_cs.json */,
				8F553E0D2DCB8C24002E735E /* all_en.json */,
			);
			path = investments;
			sourceTree = "<group>";
		};
		8F553E112DCB8C24002E735E /* loan-repayment */ = {
			isa = PBXGroup;
			children = (
				8F553E0F2DCB8C24002E735E /* all_cs.json */,
				8F553E102DCB8C24002E735E /* all_en.json */,
			);
			path = "loan-repayment";
			sourceTree = "<group>";
		};
		8F553E132DCB8C24002E735E /* mgm */ = {
			isa = PBXGroup;
			children = (
				8F553E122DCB8C24002E735E /* all_cs.json */,
			);
			path = mgm;
			sourceTree = "<group>";
		};
		8F553E152DCB8C24002E735E /* mgm-2 */ = {
			isa = PBXGroup;
			children = (
				8F553E142DCB8C24002E735E /* all_cs.json */,
			);
			path = "mgm-2";
			sourceTree = "<group>";
		};
		8F553E182DCB8C24002E735E /* v2 */ = {
			isa = PBXGroup;
			children = (
				8F553E162DCB8C24002E735E /* all_cs.json */,
				8F553E172DCB8C24002E735E /* all_en.json */,
			);
			path = v2;
			sourceTree = "<group>";
		};
		8F553E1B2DCB8C24002E735E /* moremenu */ = {
			isa = PBXGroup;
			children = (
				8F553E182DCB8C24002E735E /* v2 */,
				8F553E192DCB8C24002E735E /* all_cs.json */,
				8F553E1A2DCB8C24002E735E /* all_en.json */,
			);
			path = moremenu;
			sourceTree = "<group>";
		};
		8F553E1E2DCB8C24002E735E /* calculator */ = {
			isa = PBXGroup;
			children = (
				8F553E1C2DCB8C24002E735E /* all_cs.json */,
				8F553E1D2DCB8C24002E735E /* all_en.json */,
			);
			path = calculator;
			sourceTree = "<group>";
		};
		8F553E212DCB8C24002E735E /* refinanso */ = {
			isa = PBXGroup;
			children = (
				8F553E1F2DCB8C24002E735E /* all_cs.json */,
				8F553E202DCB8C24002E735E /* all_en.json */,
			);
			path = refinanso;
			sourceTree = "<group>";
		};
		8F553E242DCB8C24002E735E /* v2 */ = {
			isa = PBXGroup;
			children = (
				8F553E222DCB8C24002E735E /* all_cs.json */,
				8F553E232DCB8C24002E735E /* all_en.json */,
			);
			path = v2;
			sourceTree = "<group>";
		};
		8F553E272DCB8C24002E735E /* mortgage */ = {
			isa = PBXGroup;
			children = (
				8F553E1E2DCB8C24002E735E /* calculator */,
				8F553E212DCB8C24002E735E /* refinanso */,
				8F553E242DCB8C24002E735E /* v2 */,
				8F553E252DCB8C24002E735E /* all_cs.json */,
				8F553E262DCB8C24002E735E /* all_en.json */,
			);
			path = mortgage;
			sourceTree = "<group>";
		};
		8F553E2A2DCB8C24002E735E /* v2 */ = {
			isa = PBXGroup;
			children = (
				8F553E282DCB8C24002E735E /* all_cs.json */,
				8F553E292DCB8C24002E735E /* all_en.json */,
			);
			path = v2;
			sourceTree = "<group>";
		};
		8F553E2D2DCB8C24002E735E /* mortgage-repayment */ = {
			isa = PBXGroup;
			children = (
				8F553E2A2DCB8C24002E735E /* v2 */,
				8F553E2B2DCB8C24002E735E /* all_cs.json */,
				8F553E2C2DCB8C24002E735E /* all_en.json */,
			);
			path = "mortgage-repayment";
			sourceTree = "<group>";
		};
		8F553E302DCB8C24002E735E /* multibanking */ = {
			isa = PBXGroup;
			children = (
				8F553E2E2DCB8C24002E735E /* all_cs.json */,
				8F553E2F2DCB8C24002E735E /* all_en.json */,
			);
			path = multibanking;
			sourceTree = "<group>";
		};
		8F553E332DCB8C24002E735E /* new-sb-onboarding */ = {
			isa = PBXGroup;
			children = (
				8F553E312DCB8C24002E735E /* all_cs.json */,
				8F553E322DCB8C24002E735E /* all_en.json */,
			);
			path = "new-sb-onboarding";
			sourceTree = "<group>";
		};
		8F553E362DCB8C24002E735E /* android */ = {
			isa = PBXGroup;
			children = (
				8F553E342DCB8C24002E735E /* all_cs.json */,
				8F553E352DCB8C24002E735E /* all_en.json */,
			);
			path = android;
			sourceTree = "<group>";
		};
		8F553E392DCB8C24002E735E /* ios */ = {
			isa = PBXGroup;
			children = (
				8F553E372DCB8C24002E735E /* all_cs.json */,
				8F553E382DCB8C24002E735E /* all_en.json */,
			);
			path = ios;
			sourceTree = "<group>";
		};
		8F553E3A2DCB8C24002E735E /* news */ = {
			isa = PBXGroup;
			children = (
				8F553E362DCB8C24002E735E /* android */,
				8F553E392DCB8C24002E735E /* ios */,
			);
			path = news;
			sourceTree = "<group>";
		};
		8F553E3D2DCB8C24002E735E /* edisponent */ = {
			isa = PBXGroup;
			children = (
				8F553E3B2DCB8C24002E735E /* all_cs.json */,
				8F553E3C2DCB8C24002E735E /* all_en.json */,
			);
			path = edisponent;
			sourceTree = "<group>";
		};
		8F553E3E2DCB8C24002E735E /* onboarding */ = {
			isa = PBXGroup;
			children = (
				8F553E3D2DCB8C24002E735E /* edisponent */,
			);
			path = onboarding;
			sourceTree = "<group>";
		};
		8F553E412DCB8C24002E735E /* to-contact */ = {
			isa = PBXGroup;
			children = (
				8F553E3F2DCB8C24002E735E /* all_cs.json */,
				8F553E402DCB8C24002E735E /* all_en.json */,
			);
			path = "to-contact";
			sourceTree = "<group>";
		};
		8F553E422DCB8C24002E735E /* payment */ = {
			isa = PBXGroup;
			children = (
				8F553E412DCB8C24002E735E /* to-contact */,
			);
			path = payment;
			sourceTree = "<group>";
		};
		8F553E452DCB8C24002E735E /* sb */ = {
			isa = PBXGroup;
			children = (
				8F553E432DCB8C24002E735E /* all_cs.json */,
				8F553E442DCB8C24002E735E /* all_en.json */,
			);
			path = sb;
			sourceTree = "<group>";
		};
		8F553E462DCB8C24002E735E /* pocket */ = {
			isa = PBXGroup;
			children = (
				8F553E452DCB8C24002E735E /* sb */,
			);
			path = pocket;
			sourceTree = "<group>";
		};
		8F553E492DCB8C24002E735E /* refinanso */ = {
			isa = PBXGroup;
			children = (
				8F553E472DCB8C24002E735E /* all_cs.json */,
				8F553E482DCB8C24002E735E /* all_en.json */,
			);
			path = refinanso;
			sourceTree = "<group>";
		};
		8F553E4C2DCB8C24002E735E /* savings-account */ = {
			isa = PBXGroup;
			children = (
				8F553E4A2DCB8C24002E735E /* all_cs.json */,
				8F553E4B2DCB8C24002E735E /* all_en.json */,
			);
			path = "savings-account";
			sourceTree = "<group>";
		};
		8F553E4F2DCB8C24002E735E /* savings-account-conversion */ = {
			isa = PBXGroup;
			children = (
				8F553E4D2DCB8C24002E735E /* all_cs.json */,
				8F553E4E2DCB8C24002E735E /* all_en.json */,
			);
			path = "savings-account-conversion";
			sourceTree = "<group>";
		};
		8F553E522DCB8C24002E735E /* sb-activation */ = {
			isa = PBXGroup;
			children = (
				8F553E502DCB8C24002E735E /* all_cs.json */,
				8F553E512DCB8C24002E735E /* all_en.json */,
			);
			path = "sb-activation";
			sourceTree = "<group>";
		};
		8F553E552DCB8C24002E735E /* nsb */ = {
			isa = PBXGroup;
			children = (
				8F553E532DCB8C24002E735E /* all_cs.json */,
				8F553E542DCB8C24002E735E /* all_en.json */,
			);
			path = nsb;
			sourceTree = "<group>";
		};
		8F553E582DCB8C24002E735E /* sb-mini-onboarding */ = {
			isa = PBXGroup;
			children = (
				8F553E552DCB8C24002E735E /* nsb */,
				8F553E562DCB8C24002E735E /* all_cs.json */,
				8F553E572DCB8C24002E735E /* all_en.json */,
			);
			path = "sb-mini-onboarding";
			sourceTree = "<group>";
		};
		8F553E5B2DCB8C24002E735E /* sb-onboarding */ = {
			isa = PBXGroup;
			children = (
				8F553E592DCB8C24002E735E /* all_cs.json */,
				8F553E5A2DCB8C24002E735E /* all_en.json */,
			);
			path = "sb-onboarding";
			sourceTree = "<group>";
		};
		8F553E5E2DCB8C24002E735E /* sme-current-account-second */ = {
			isa = PBXGroup;
			children = (
				8F553E5C2DCB8C24002E735E /* all_cs.json */,
				8F553E5D2DCB8C24002E735E /* all_en.json */,
			);
			path = "sme-current-account-second";
			sourceTree = "<group>";
		};
		8F553E612DCB8C24002E735E /* sme-multi-lending */ = {
			isa = PBXGroup;
			children = (
				8F553E5F2DCB8C24002E735E /* all_cs.json */,
				8F553E602DCB8C24002E735E /* all_en.json */,
			);
			path = "sme-multi-lending";
			sourceTree = "<group>";
		};
		8F553E642DCB8C24002E735E /* sme-savings-account */ = {
			isa = PBXGroup;
			children = (
				8F553E622DCB8C24002E735E /* all_cs.json */,
				8F553E632DCB8C24002E735E /* all_en.json */,
			);
			path = "sme-savings-account";
			sourceTree = "<group>";
		};
		8F553E672DCB8C24002E735E /* sme-second-account */ = {
			isa = PBXGroup;
			children = (
				8F553E652DCB8C24002E735E /* all_cs.json */,
				8F553E662DCB8C24002E735E /* all_en.json */,
			);
			path = "sme-second-account";
			sourceTree = "<group>";
		};
		8F553E6A2DCB8C24002E735E /* smeretaillending */ = {
			isa = PBXGroup;
			children = (
				8F553E682DCB8C24002E735E /* all_cs.json */,
				8F553E692DCB8C24002E735E /* all_en.json */,
			);
			path = smeretaillending;
			sourceTree = "<group>";
		};
		8F553E6C2DCB8C24002E735E /* switching-in */ = {
			isa = PBXGroup;
			children = (
				8F553E6B2DCB8C24002E735E /* all_cs.json */,
			);
			path = "switching-in";
			sourceTree = "<group>";
		};
		8F553E6F2DCB8C24002E735E /* term-deposit-single */ = {
			isa = PBXGroup;
			children = (
				8F553E6D2DCB8C24002E735E /* all_cs.json */,
				8F553E6E2DCB8C24002E735E /* all_en.json */,
			);
			path = "term-deposit-single";
			sourceTree = "<group>";
		};
		8F553E722DCB8C24002E735E /* 1_20 */ = {
			isa = PBXGroup;
			children = (
				8F553E702DCB8C24002E735E /* all_cs.json */,
				8F553E712DCB8C24002E735E /* all_en.json */,
			);
			path = 1_20;
			sourceTree = "<group>";
		};
		8F553E752DCB8C24002E735E /* 70 */ = {
			isa = PBXGroup;
			children = (
				8F553E732DCB8C24002E735E /* all_cs.json */,
				8F553E742DCB8C24002E735E /* all_en.json */,
			);
			path = 70;
			sourceTree = "<group>";
		};
		8F553E762DCB8C24002E735E /* sb */ = {
			isa = PBXGroup;
			children = (
				8F553E722DCB8C24002E735E /* 1_20 */,
				8F553E752DCB8C24002E735E /* 70 */,
			);
			path = sb;
			sourceTree = "<group>";
		};
		8F553E7A2DCB8C24002E735E /* travel-insurance */ = {
			isa = PBXGroup;
			children = (
				8F553E762DCB8C24002E735E /* sb */,
				8F553E772DCB8C24002E735E /* all_cs.json */,
				8F553E782DCB8C24002E735E /* all_en.json */,
				8F553E792DCB8C24002E735E /* readme.txt */,
			);
			path = "travel-insurance";
			sourceTree = "<group>";
		};
		8F553E7D2DCB8C24002E735E /* udc */ = {
			isa = PBXGroup;
			children = (
				8F553E7B2DCB8C24002E735E /* all_cs.json */,
				8F553E7C2DCB8C24002E735E /* all_en.json */,
			);
			path = udc;
			sourceTree = "<group>";
		};
		8F553E802DCB8C24002E735E /* udconline */ = {
			isa = PBXGroup;
			children = (
				8F553E7E2DCB8C24002E735E /* all_cs.json */,
				8F553E7F2DCB8C24002E735E /* all_en.json */,
			);
			path = udconline;
			sourceTree = "<group>";
		};
		8F553E832DCB8C24002E735E /* universal */ = {
			isa = PBXGroup;
			children = (
				8F553E812DCB8C24002E735E /* all_cs.json */,
				8F553E822DCB8C24002E735E /* all_en.json */,
			);
			path = universal;
			sourceTree = "<group>";
		};
		8F553E862DCB8C24002E735E /* wustenrot-sb-onboarding */ = {
			isa = PBXGroup;
			children = (
				8F553E842DCB8C24002E735E /* all_cs.json */,
				8F553E852DCB8C24002E735E /* all_en.json */,
			);
			path = "wustenrot-sb-onboarding";
			sourceTree = "<group>";
		};
		8F553E872DCB8C24002E735E /* json */ = {
			isa = PBXGroup;
			children = (
				8F553D7D2DCB8C24002E735E /* abilities */,
				8F553D832DCB8C24002E735E /* accident-insurance */,
				8F553D862DCB8C24002E735E /* account-close */,
				8F553D892DCB8C24002E735E /* account-switch */,
				8F553D8C2DCB8C24002E735E /* acquisition */,
				8F553D8F2DCB8C24002E735E /* alacart */,
				8F553D922DCB8C24002E735E /* aml-questionnaire */,
				8F553D952DCB8C24002E735E /* api-token */,
				8F553D982DCB8C24002E735E /* approval-center */,
				8F553D9B2DCB8C24002E735E /* b-savings */,
				8F553D9D2DCB8C24002E735E /* ca-bro-branch */,
				8F553D9F2DCB8C24002E735E /* ca-onboarding */,
				8F553DA22DCB8C24002E735E /* ca-sb-onboarding */,
				8F553DA42DCB8C24002E735E /* ca-web-onboarding */,
				8F553DA72DCB8C24002E735E /* card-block */,
				8F553DAA2DCB8C24002E735E /* card-debit-second */,
				8F553DAD2DCB8C24002E735E /* charity */,
				8F553DB02DCB8C24002E735E /* click2pay */,
				8F553DB32DCB8C24002E735E /* complaint */,
				8F553DBF2DCB8C24002E735E /* contacts */,
				8F553DC82DCB8C24002E735E /* credit-card */,
				8F553DCB2DCB8C24002E735E /* current-account */,
				8F553DD12DCB8C24002E735E /* dps_nn */,
				8F553DD42DCB8C24002E735E /* ebz */,
				8F553DD72DCB8C24002E735E /* express */,
				8F553DDA2DCB8C24002E735E /* family-account */,
				8F553DDD2DCB8C24002E735E /* family-tips */,
				8F553DE02DCB8C24002E735E /* fcy-account */,
				8F553DE32DCB8C24002E735E /* flexikredit */,
				8F553E082DCB8C24002E735E /* insurance */,
				8F553E0B2DCB8C24002E735E /* insurance-claim */,
				8F553E0E2DCB8C24002E735E /* investments */,
				8F553E112DCB8C24002E735E /* loan-repayment */,
				8F553E132DCB8C24002E735E /* mgm */,
				8F553E152DCB8C24002E735E /* mgm-2 */,
				8F553E1B2DCB8C24002E735E /* moremenu */,
				8F553E272DCB8C24002E735E /* mortgage */,
				8F553E2D2DCB8C24002E735E /* mortgage-repayment */,
				8F553E302DCB8C24002E735E /* multibanking */,
				8F553E332DCB8C24002E735E /* new-sb-onboarding */,
				8F553E3A2DCB8C24002E735E /* news */,
				8F553E3E2DCB8C24002E735E /* onboarding */,
				8F553E422DCB8C24002E735E /* payment */,
				8F553E462DCB8C24002E735E /* pocket */,
				8F553E492DCB8C24002E735E /* refinanso */,
				8F553E4C2DCB8C24002E735E /* savings-account */,
				8F553E4F2DCB8C24002E735E /* savings-account-conversion */,
				8F553E522DCB8C24002E735E /* sb-activation */,
				8F553E582DCB8C24002E735E /* sb-mini-onboarding */,
				8F553E5B2DCB8C24002E735E /* sb-onboarding */,
				8F553E5E2DCB8C24002E735E /* sme-current-account-second */,
				8F553E612DCB8C24002E735E /* sme-multi-lending */,
				8F553E642DCB8C24002E735E /* sme-savings-account */,
				8F553E672DCB8C24002E735E /* sme-second-account */,
				8F553E6A2DCB8C24002E735E /* smeretaillending */,
				8F553E6C2DCB8C24002E735E /* switching-in */,
				8F553E6F2DCB8C24002E735E /* term-deposit-single */,
				8F553E7A2DCB8C24002E735E /* travel-insurance */,
				8F553E7D2DCB8C24002E735E /* udc */,
				8F553E802DCB8C24002E735E /* udconline */,
				8F553E832DCB8C24002E735E /* universal */,
				8F553E862DCB8C24002E735E /* wustenrot-sb-onboarding */,
			);
			path = json;
			sourceTree = "<group>";
		};
		8FC4965E2E05773A00A517C9 /* redesigned */ = {
			isa = PBXGroup;
			children = (
				8FC4965F2E05774900A517C9 /* all_cs.json */,
			);
			path = redesigned;
			sourceTree = "<group>";
		};
/* End PBXGroup section */

/* Begin PBXProject section */
		8F553C662DCB8BF8002E735E /* Project object */ = {
			isa = PBXProject;
			attributes = {
				BuildIndependentTargetsInParallel = 1;
				LastUpgradeCheck = 1620;
			};
			buildConfigurationList = 8F553C692DCB8BF8002E735E /* Build configuration list for PBXProject "Localization" */;
			developmentRegion = en;
			hasScannedForEncodings = 0;
			knownRegions = (
				en,
				Base,
			);
			mainGroup = 8F553C652DCB8BF8002E735E;
			minimizedProjectReferenceProxies = 1;
			preferredProjectObjectVersion = 77;
			projectDirPath = "";
			projectRoot = "";
			targets = (
			);
		};
/* End PBXProject section */

/* Begin XCBuildConfiguration section */
		8F553C6A2DCB8BF8002E735E /* Debug */ = {
			isa = XCBuildConfiguration;
			buildSettings = {
			};
			name = Debug;
		};
		8F553C6B2DCB8BF8002E735E /* Release */ = {
			isa = XCBuildConfiguration;
			buildSettings = {
			};
			name = Release;
		};
/* End XCBuildConfiguration section */

/* Begin XCConfigurationList section */
		8F553C692DCB8BF8002E735E /* Build configuration list for PBXProject "Localization" */ = {
			isa = XCConfigurationList;
			buildConfigurations = (
				8F553C6A2DCB8BF8002E735E /* Debug */,
				8F553C6B2DCB8BF8002E735E /* Release */,
			);
			defaultConfigurationIsVisible = 0;
			defaultConfigurationName = Release;
		};
/* End XCConfigurationList section */
	};
	rootObject = 8F553C662DCB8BF8002E735E /* Project object */;
}
